// !$*UTF8*$!
{
	archiveVersion = 1;
	classes = {
	};
	objectVersion = 56;
	objects = {

/* Begin PBXBuildFile section */
		8E8A43442B9623B90014C9F3 /* FavoriteButton.swift in Sources */ = {isa = PBXBuildFile; fileRef = 8E8A43432B9623B90014C9F3 /* FavoriteButton.swift */; };
		8E8A43482B9627E90014C9F3 /* HexagonParameters.swift in Sources */ = {isa = PBXBuildFile; fileRef = 8E8A43472B9627E90014C9F3 /* HexagonParameters.swift */; };
		8E8A434A2B962DD00014C9F3 /* BadgeBackground.swift in Sources */ = {isa = PBXBuildFile; fileRef = 8E8A43492B962DD00014C9F3 /* BadgeBackground.swift */; };
		8E8A434C2B9632B90014C9F3 /* BadgeSymbol.swift in Sources */ = {isa = PBXBuildFile; fileRef = 8E8A434B2B9632B90014C9F3 /* BadgeSymbol.swift */; };
		8E8A434E2B96331F0014C9F3 /* RotatedBadgeSymbol.swift in Sources */ = {isa = PBXBuildFile; fileRef = 8E8A434D2B96331F0014C9F3 /* RotatedBadgeSymbol.swift */; };
		8E8A43502B96335C0014C9F3 /* Badge.swift in Sources */ = {isa = PBXBuildFile; fileRef = 8E8A434F2B96335C0014C9F3 /* Badge.swift */; };
		8E8A43532B9638B60014C9F3 /* hikeData.json in Resources */ = {isa = PBXBuildFile; fileRef = 8E8A43522B9638B60014C9F3 /* hikeData.json */; };
		8E8A43552B9638CE0014C9F3 /* Hike.swift in Sources */ = {isa = PBXBuildFile; fileRef = 8E8A43542B9638CE0014C9F3 /* Hike.swift */; };
		8E8A435B2B9639730014C9F3 /* GraphCapsule.swift in Sources */ = {isa = PBXBuildFile; fileRef = 8E8A43572B9639730014C9F3 /* GraphCapsule.swift */; };
		8E8A435C2B9639730014C9F3 /* HikeGraph.swift in Sources */ = {isa = PBXBuildFile; fileRef = 8E8A43582B9639730014C9F3 /* HikeGraph.swift */; };
		8E8A435D2B9639730014C9F3 /* HikeDetail.swift in Sources */ = {isa = PBXBuildFile; fileRef = 8E8A43592B9639730014C9F3 /* HikeDetail.swift */; };
		8E8A435E2B9639730014C9F3 /* HikeView.swift in Sources */ = {isa = PBXBuildFile; fileRef = 8E8A435A2B9639730014C9F3 /* HikeView.swift */; };
		92BB15A92B8D8DC800DD6257 /* LandmarksApp.swift in Sources */ = {isa = PBXBuildFile; fileRef = 92BB15A82B8D8DC800DD6257 /* LandmarksApp.swift */; };
		92BB15AB2B8D8DC800DD6257 /* ContentView.swift in Sources */ = {isa = PBXBuildFile; fileRef = 92BB15AA2B8D8DC800DD6257 /* ContentView.swift */; };
		92BB15AD2B8D8DC900DD6257 /* Assets.xcassets in Resources */ = {isa = PBXBuildFile; fileRef = 92BB15AC2B8D8DC900DD6257 /* Assets.xcassets */; };
		92BB15B02B8D8DC900DD6257 /* Preview Assets.xcassets in Resources */ = {isa = PBXBuildFile; fileRef = 92BB15AF2B8D8DC900DD6257 /* Preview Assets.xcassets */; };
		92BB15B72B8D903600DD6257 /* CircleImage.swift in Sources */ = {isa = PBXBuildFile; fileRef = 92BB15B62B8D903600DD6257 /* CircleImage.swift */; };
		92BB15B92B8D917B00DD6257 /* MapView.swift in Sources */ = {isa = PBXBuildFile; fileRef = 92BB15B82B8D917B00DD6257 /* MapView.swift */; };
		92BB15BB2B8D94B600DD6257 /* landmarkData.json in Resources */ = {isa = PBXBuildFile; fileRef = 92BB15BA2B8D94B600DD6257 /* landmarkData.json */; };
		92BB15BD2B8D94DA00DD6257 /* Landmark.swift in Sources */ = {isa = PBXBuildFile; fileRef = 92BB15BC2B8D94DA00DD6257 /* Landmark.swift */; };
		92BB15BF2B8D96AF00DD6257 /* ModelData.swift in Sources */ = {isa = PBXBuildFile; fileRef = 92BB15BE2B8D96AF00DD6257 /* ModelData.swift */; };
		92BB15C52B8D97E900DD6257 /* LandmarkRow.swift in Sources */ = {isa = PBXBuildFile; fileRef = 92BB15C42B8D97E900DD6257 /* LandmarkRow.swift */; };
		92BB15C72B8D99AC00DD6257 /* LandmarkList.swift in Sources */ = {isa = PBXBuildFile; fileRef = 92BB15C62B8D99AC00DD6257 /* LandmarkList.swift */; };
		92BB15C92B8D9BB900DD6257 /* LandmarkDetail.swift in Sources */ = {isa = PBXBuildFile; fileRef = 92BB15C82B8D9BB900DD6257 /* LandmarkDetail.swift */; };
/* End PBXBuildFile section */

/* Begin PBXFileReference section */
		8E8A43432B9623B90014C9F3 /* FavoriteButton.swift */ = {isa = PBXFileReference; lastKnownFileType = sourcecode.swift; path = FavoriteButton.swift; sourceTree = "<group>"; };
		8E8A43472B9627E90014C9F3 /* HexagonParameters.swift */ = {isa = PBXFileReference; lastKnownFileType = sourcecode.swift; path = HexagonParameters.swift; sourceTree = "<group>"; };
		8E8A43492B962DD00014C9F3 /* BadgeBackground.swift */ = {isa = PBXFileReference; lastKnownFileType = sourcecode.swift; path = BadgeBackground.swift; sourceTree = "<group>"; };
		8E8A434B2B9632B90014C9F3 /* BadgeSymbol.swift */ = {isa = PBXFileReference; lastKnownFileType = sourcecode.swift; path = BadgeSymbol.swift; sourceTree = "<group>"; };
		8E8A434D2B96331F0014C9F3 /* RotatedBadgeSymbol.swift */ = {isa = PBXFileReference; lastKnownFileType = sourcecode.swift; path = RotatedBadgeSymbol.swift; sourceTree = "<group>"; };
		8E8A434F2B96335C0014C9F3 /* Badge.swift */ = {isa = PBXFileReference; lastKnownFileType = sourcecode.swift; path = Badge.swift; sourceTree = "<group>"; };
		8E8A43522B9638B60014C9F3 /* hikeData.json */ = {isa = PBXFileReference; fileEncoding = 4; lastKnownFileType = text.json; path = hikeData.json; sourceTree = "<group>"; };
		8E8A43542B9638CE0014C9F3 /* Hike.swift */ = {isa = PBXFileReference; lastKnownFileType = sourcecode.swift; path = Hike.swift; sourceTree = "<group>"; };
		8E8A43572B9639730014C9F3 /* GraphCapsule.swift */ = {isa = PBXFileReference; fileEncoding = 4; lastKnownFileType = sourcecode.swift; path = GraphCapsule.swift; sourceTree = "<group>"; };
		8E8A43582B9639730014C9F3 /* HikeGraph.swift */ = {isa = PBXFileReference; fileEncoding = 4; lastKnownFileType = sourcecode.swift; path = HikeGraph.swift; sourceTree = "<group>"; };
		8E8A43592B9639730014C9F3 /* HikeDetail.swift */ = {isa = PBXFileReference; fileEncoding = 4; lastKnownFileType = sourcecode.swift; path = HikeDetail.swift; sourceTree = "<group>"; };
		8E8A435A2B9639730014C9F3 /* HikeView.swift */ = {isa = PBXFileReference; fileEncoding = 4; lastKnownFileType = sourcecode.swift; path = HikeView.swift; sourceTree = "<group>"; };
		92BB15A52B8D8DC800DD6257 /* Landmarks.app */ = {isa = PBXFileReference; explicitFileType = wrapper.application; includeInIndex = 0; path = Landmarks.app; sourceTree = BUILT_PRODUCTS_DIR; };
		92BB15A82B8D8DC800DD6257 /* LandmarksApp.swift */ = {isa = PBXFileReference; lastKnownFileType = sourcecode.swift; path = LandmarksApp.swift; sourceTree = "<group>"; };
		92BB15AA2B8D8DC800DD6257 /* ContentView.swift */ = {isa = PBXFileReference; lastKnownFileType = sourcecode.swift; path = ContentView.swift; sourceTree = "<group>"; };
		92BB15AC2B8D8DC900DD6257 /* Assets.xcassets */ = {isa = PBXFileReference; lastKnownFileType = folder.assetcatalog; path = Assets.xcassets; sourceTree = "<group>"; };
		92BB15AF2B8D8DC900DD6257 /* Preview Assets.xcassets */ = {isa = PBXFileReference; lastKnownFileType = folder.assetcatalog; path = "Preview Assets.xcassets"; sourceTree = "<group>"; };
		92BB15B62B8D903600DD6257 /* CircleImage.swift */ = {isa = PBXFileReference; lastKnownFileType = sourcecode.swift; path = CircleImage.swift; sourceTree = "<group>"; };
		92BB15B82B8D917B00DD6257 /* MapView.swift */ = {isa = PBXFileReference; lastKnownFileType = sourcecode.swift; path = MapView.swift; sourceTree = "<group>"; };
		92BB15BA2B8D94B600DD6257 /* landmarkData.json */ = {isa = PBXFileReference; fileEncoding = 4; lastKnownFileType = text.json; path = landmarkData.json; sourceTree = "<group>"; };
		92BB15BC2B8D94DA00DD6257 /* Landmark.swift */ = {isa = PBXFileReference; lastKnownFileType = sourcecode.swift; path = Landmark.swift; sourceTree = "<group>"; };
		92BB15BE2B8D96AF00DD6257 /* ModelData.swift */ = {isa = PBXFileReference; lastKnownFileType = sourcecode.swift; path = ModelData.swift; sourceTree = "<group>"; };
		92BB15C42B8D97E900DD6257 /* LandmarkRow.swift */ = {isa = PBXFileReference; lastKnownFileType = sourcecode.swift; path = LandmarkRow.swift; sourceTree = "<group>"; };
		92BB15C62B8D99AC00DD6257 /* LandmarkList.swift */ = {isa = PBXFileReference; lastKnownFileType = sourcecode.swift; path = LandmarkList.swift; sourceTree = "<group>"; };
		92BB15C82B8D9BB900DD6257 /* LandmarkDetail.swift */ = {isa = PBXFileReference; lastKnownFileType = sourcecode.swift; path = LandmarkDetail.swift; sourceTree = "<group>"; };
/* End PBXFileReference section */

/* Begin PBXFrameworksBuildPhase section */
		92BB15A22B8D8DC800DD6257 /* Frameworks */ = {
			isa = PBXFrameworksBuildPhase;
			buildActionMask = 2147483647;
			files = (
			);
			runOnlyForDeploymentPostprocessing = 0;
		};
/* End PBXFrameworksBuildPhase section */

/* Begin PBXGroup section */
		8E8A43452B9624A80014C9F3 /* Landmarks */ = {
			isa = PBXGroup;
			children = (
				92BB15C42B8D97E900DD6257 /* LandmarkRow.swift */,
				92BB15C62B8D99AC00DD6257 /* LandmarkList.swift */,
				92BB15C82B8D9BB900DD6257 /* LandmarkDetail.swift */,
			);
			path = Landmarks;
			sourceTree = "<group>";
		};
		8E8A43462B9624C50014C9F3 /* Helper */ = {
			isa = PBXGroup;
			children = (
				92BB15B62B8D903600DD6257 /* CircleImage.swift */,
				92BB15B82B8D917B00DD6257 /* MapView.swift */,
				8E8A43432B9623B90014C9F3 /* FavoriteButton.swift */,
			);
			path = Helper;
			sourceTree = "<group>";
		};
		8E8A43512B9635550014C9F3 /* Badges */ = {
			isa = PBXGroup;
			children = (
				8E8A434B2B9632B90014C9F3 /* BadgeSymbol.swift */,
				8E8A434D2B96331F0014C9F3 /* RotatedBadgeSymbol.swift */,
				8E8A43492B962DD00014C9F3 /* BadgeBackground.swift */,
				8E8A43472B9627E90014C9F3 /* HexagonParameters.swift */,
				8E8A434F2B96335C0014C9F3 /* Badge.swift */,
			);
			path = Badges;
			sourceTree = "<group>";
		};
		8E8A43562B9639730014C9F3 /* Hikes */ = {
			isa = PBXGroup;
			children = (
				8E8A43572B9639730014C9F3 /* GraphCapsule.swift */,
				8E8A43582B9639730014C9F3 /* HikeGraph.swift */,
				8E8A43592B9639730014C9F3 /* HikeDetail.swift */,
				8E8A435A2B9639730014C9F3 /* HikeView.swift */,
			);
			path = Hikes;
			sourceTree = "<group>";
		};
		92BB159C2B8D8DC700DD6257 = {
			isa = PBXGroup;
			children = (
				92BB15A72B8D8DC800DD6257 /* Landmarks */,
				92BB15A62B8D8DC800DD6257 /* Products */,
			);
			sourceTree = "<group>";
		};
		92BB15A62B8D8DC800DD6257 /* Products */ = {
			isa = PBXGroup;
			children = (
				92BB15A52B8D8DC800DD6257 /* Landmarks.app */,
			);
			name = Products;
			sourceTree = "<group>";
		};
		92BB15A72B8D8DC800DD6257 /* Landmarks */ = {
			isa = PBXGroup;
			children = (
				8E8A43542B9638CE0014C9F3 /* Hike.swift */,
				92BB15A82B8D8DC800DD6257 /* LandmarksApp.swift */,
				92BB15C12B8D975F00DD6257 /* Model */,
				92BB15C02B8D973C00DD6257 /* Views */,
				92BB15C32B8D979000DD6257 /* Resources */,
				92BB15AC2B8D8DC900DD6257 /* Assets.xcassets */,
				92BB15AE2B8D8DC900DD6257 /* Preview Content */,
			);
			path = Landmarks;
			sourceTree = "<group>";
		};
		92BB15AE2B8D8DC900DD6257 /* Preview Content */ = {
			isa = PBXGroup;
			children = (
				92BB15AF2B8D8DC900DD6257 /* Preview Assets.xcassets */,
			);
			path = "Preview Content";
			sourceTree = "<group>";
		};
		92BB15C02B8D973C00DD6257 /* Views */ = {
			isa = PBXGroup;
			children = (
				8E8A43562B9639730014C9F3 /* Hikes */,
				92BB15AA2B8D8DC800DD6257 /* ContentView.swift */,
				8E8A43512B9635550014C9F3 /* Badges */,
				8E8A43462B9624C50014C9F3 /* Helper */,
				8E8A43452B9624A80014C9F3 /* Landmarks */,
			);
			path = Views;
			sourceTree = "<group>";
		};
		92BB15C12B8D975F00DD6257 /* Model */ = {
			isa = PBXGroup;
			children = (
				92BB15BC2B8D94DA00DD6257 /* Landmark.swift */,
				92BB15BE2B8D96AF00DD6257 /* ModelData.swift */,
			);
			path = Model;
			sourceTree = "<group>";
		};
		92BB15C32B8D979000DD6257 /* Resources */ = {
			isa = PBXGroup;
			children = (
				8E8A43522B9638B60014C9F3 /* hikeData.json */,
				92BB15BA2B8D94B600DD6257 /* landmarkData.json */,
			);
			path = Resources;
			sourceTree = "<group>";
		};
/* End PBXGroup section */

/* Begin PBXNativeTarget section */
		92BB15A42B8D8DC800DD6257 /* Landmarks */ = {
			isa = PBXNativeTarget;
			buildConfigurationList = 92BB15B32B8D8DC900DD6257 /* Build configuration list for PBXNativeTarget "Landmarks" */;
			buildPhases = (
				92BB15A12B8D8DC800DD6257 /* Sources */,
				92BB15A22B8D8DC800DD6257 /* Frameworks */,
				92BB15A32B8D8DC800DD6257 /* Resources */,
			);
			buildRules = (
			);
			dependencies = (
			);
			name = Landmarks;
			productName = Landmarks;
			productReference = 92BB15A52B8D8DC800DD6257 /* Landmarks.app */;
			productType = "com.apple.product-type.application";
		};
/* End PBXNativeTarget section */

/* Begin PBXProject section */
		92BB159D2B8D8DC700DD6257 /* Project object */ = {
			isa = PBXProject;
			attributes = {
				BuildIndependentTargetsInParallel = 1;
				LastSwiftUpdateCheck = 1510;
				LastUpgradeCheck = 1510;
				TargetAttributes = {
					92BB15A42B8D8DC800DD6257 = {
						CreatedOnToolsVersion = 15.1;
					};
				};
			};
			buildConfigurationList = 92BB15A02B8D8DC700DD6257 /* Build configuration list for PBXProject "Landmarks" */;
			compatibilityVersion = "Xcode 14.0";
			developmentRegion = en;
			hasScannedForEncodings = 0;
			knownRegions = (
				en,
				Base,
			);
			mainGroup = 92BB159C2B8D8DC700DD6257;
			productRefGroup = 92BB15A62B8D8DC800DD6257 /* Products */;
			projectDirPath = "";
			projectRoot = "";
			targets = (
				92BB15A42B8D8DC800DD6257 /* Landmarks */,
			);
		};
/* End PBXProject section */

/* Begin PBXResourcesBuildPhase section */
		92BB15A32B8D8DC800DD6257 /* Resources */ = {
			isa = PBXResourcesBuildPhase;
			buildActionMask = 2147483647;
			files = (
				8E8A43532B9638B60014C9F3 /* hikeData.json in Resources */,
				92BB15B02B8D8DC900DD6257 /* Preview Assets.xcassets in Resources */,
				92BB15AD2B8D8DC900DD6257 /* Assets.xcassets in Resources */,
				92BB15BB2B8D94B600DD6257 /* landmarkData.json in Resources */,
			);
			runOnlyForDeploymentPostprocessing = 0;
		};
/* End PBXResourcesBuildPhase section */

/* Begin PBXSourcesBuildPhase section */
		92BB15A12B8D8DC800DD6257 /* Sources */ = {
			isa = PBXSourcesBuildPhase;
			buildActionMask = 2147483647;
			files = (
				92BB15AB2B8D8DC800DD6257 /* ContentView.swift in Sources */,
				8E8A435C2B9639730014C9F3 /* HikeGraph.swift in Sources */,
				8E8A43502B96335C0014C9F3 /* Badge.swift in Sources */,
				92BB15B92B8D917B00DD6257 /* MapView.swift in Sources */,
				8E8A435B2B9639730014C9F3 /* GraphCapsule.swift in Sources */,
				92BB15A92B8D8DC800DD6257 /* LandmarksApp.swift in Sources */,
				8E8A43442B9623B90014C9F3 /* FavoriteButton.swift in Sources */,
				8E8A435D2B9639730014C9F3 /* HikeDetail.swift in Sources */,
				8E8A43482B9627E90014C9F3 /* HexagonParameters.swift in Sources */,
				8E8A43552B9638CE0014C9F3 /* Hike.swift in Sources */,
				8E8A434E2B96331F0014C9F3 /* RotatedBadgeSymbol.swift in Sources */,
				8E8A434C2B9632B90014C9F3 /* BadgeSymbol.swift in Sources */,
				92BB15C72B8D99AC00DD6257 /* LandmarkList.swift in Sources */,
				8E8A435E2B9639730014C9F3 /* HikeView.swift in Sources */,
				92BB15C92B8D9BB900DD6257 /* LandmarkDetail.swift in Sources */,
				8E8A434A2B962DD00014C9F3 /* BadgeBackground.swift in Sources */,
				92BB15B72B8D903600DD6257 /* CircleImage.swift in Sources */,
				92BB15BD2B8D94DA00DD6257 /* Landmark.swift in Sources */,
				92BB15C52B8D97E900DD6257 /* LandmarkRow.swift in Sources */,
				92BB15BF2B8D96AF00DD6257 /* ModelData.swift in Sources */,
			);
			runOnlyForDeploymentPostprocessing = 0;
		};
/* End PBXSourcesBuildPhase section */

/* Begin XCBuildConfiguration section */
		92BB15B12B8D8DC900DD6257 /* Debug */ = {
			isa = XCBuildConfiguration;
			buildSettings = {
				ALWAYS_SEARCH_USER_PATHS = NO;
				ASSETCATALOG_COMPILER_GENERATE_SWIFT_ASSET_SYMBOL_EXTENSIONS = YES;
				CLANG_ANALYZER_NONNULL = YES;
				CLANG_ANALYZER_NUMBER_OBJECT_CONVERSION = YES_AGGRESSIVE;
				CLANG_CXX_LANGUAGE_STANDARD = "gnu++20";
				CLANG_ENABLE_MODULES = YES;
				CLANG_ENABLE_OBJC_ARC = YES;
				CLANG_ENABLE_OBJC_WEAK = YES;
				CLANG_WARN_BLOCK_CAPTURE_AUTORELEASING = YES;
				CLANG_WARN_BOOL_CONVERSION = YES;
				CLANG_WARN_COMMA = YES;
				CLANG_WARN_CONSTANT_CONVERSION = YES;
				CLANG_WARN_DEPRECATED_OBJC_IMPLEMENTATIONS = YES;
				CLANG_WARN_DIRECT_OBJC_ISA_USAGE = YES_ERROR;
				CLANG_WARN_DOCUMENTATION_COMMENTS = YES;
				CLANG_WARN_EMPTY_BODY = YES;
				CLANG_WARN_ENUM_CONVERSION = YES;
				CLANG_WARN_INFINITE_RECURSION = YES;
				CLANG_WARN_INT_CONVERSION = YES;
				CLANG_WARN_NON_LITERAL_NULL_CONVERSION = YES;
				CLANG_WARN_OBJC_IMPLICIT_RETAIN_SELF = YES;
				CLANG_WARN_OBJC_LITERAL_CONVERSION = YES;
				CLANG_WARN_OBJC_ROOT_CLASS = YES_ERROR;
				CLANG_WARN_QUOTED_INCLUDE_IN_FRAMEWORK_HEADER = YES;
				CLANG_WARN_RANGE_LOOP_ANALYSIS = YES;
				CLANG_WARN_STRICT_PROTOTYPES = YES;
				CLANG_WARN_SUSPICIOUS_MOVE = YES;
				CLANG_WARN_UNGUARDED_AVAILABILITY = YES_AGGRESSIVE;
				CLANG_WARN_UNREACHABLE_CODE = YES;
				CLANG_WARN__DUPLICATE_METHOD_MATCH = YES;
				COPY_PHASE_STRIP = NO;
				DEBUG_INFORMATION_FORMAT = dwarf;
				ENABLE_STRICT_OBJC_MSGSEND = YES;
				ENABLE_TESTABILITY = YES;
				ENABLE_USER_SCRIPT_SANDBOXING = YES;
				GCC_C_LANGUAGE_STANDARD = gnu17;
				GCC_DYNAMIC_NO_PIC = NO;
				GCC_NO_COMMON_BLOCKS = YES;
				GCC_OPTIMIZATION_LEVEL = 0;
				GCC_PREPROCESSOR_DEFINITIONS = (
					"DEBUG=1",
					"$(inherited)",
				);
				GCC_WARN_64_TO_32_BIT_CONVERSION = YES;
				GCC_WARN_ABOUT_RETURN_TYPE = YES_ERROR;
				GCC_WARN_UNDECLARED_SELECTOR = YES;
				GCC_WARN_UNINITIALIZED_AUTOS = YES_AGGRESSIVE;
				GCC_WARN_UNUSED_FUNCTION = YES;
				GCC_WARN_UNUSED_VARIABLE = YES;
				IPHONEOS_DEPLOYMENT_TARGET = 17.2;
				LOCALIZATION_PREFERS_STRING_CATALOGS = YES;
				MTL_ENABLE_DEBUG_INFO = INCLUDE_SOURCE;
				MTL_FAST_MATH = YES;
				ONLY_ACTIVE_ARCH = YES;
				SDKROOT = iphoneos;
				SWIFT_ACTIVE_COMPILATION_CONDITIONS = "DEBUG $(inherited)";
				SWIFT_OPTIMIZATION_LEVEL = "-Onone";
			};
			name = Debug;
		};
		92BB15B22B8D8DC900DD6257 /* Release */ = {
			isa = XCBuildConfiguration;
			buildSettings = {
				ALWAYS_SEARCH_USER_PATHS = NO;
				ASSETCATALOG_COMPILER_GENERATE_SWIFT_ASSET_SYMBOL_EXTENSIONS = YES;
				CLANG_ANALYZER_NONNULL = YES;
				CLANG_ANALYZER_NUMBER_OBJECT_CONVERSION = YES_AGGRESSIVE;
				CLANG_CXX_LANGUAGE_STANDARD = "gnu++20";
				CLANG_ENABLE_MODULES = YES;
				CLANG_ENABLE_OBJC_ARC = YES;
				CLANG_ENABLE_OBJC_WEAK = YES;
				CLANG_WARN_BLOCK_CAPTURE_AUTORELEASING = YES;
				CLANG_WARN_BOOL_CONVERSION = YES;
				CLANG_WARN_COMMA = YES;
				CLANG_WARN_CONSTANT_CONVERSION = YES;
				CLANG_WARN_DEPRECATED_OBJC_IMPLEMENTATIONS = YES;
				CLANG_WARN_DIRECT_OBJC_ISA_USAGE = YES_ERROR;
				CLANG_WARN_DOCUMENTATION_COMMENTS = YES;
				CLANG_WARN_EMPTY_BODY = YES;
				CLANG_WARN_ENUM_CONVERSION = YES;
				CLANG_WARN_INFINITE_RECURSION = YES;
				CLANG_WARN_INT_CONVERSION = YES;
				CLANG_WARN_NON_LITERAL_NULL_CONVERSION = YES;
				CLANG_WARN_OBJC_IMPLICIT_RETAIN_SELF = YES;
				CLANG_WARN_OBJC_LITERAL_CONVERSION = YES;
				CLANG_WARN_OBJC_ROOT_CLASS = YES_ERROR;
				CLANG_WARN_QUOTED_INCLUDE_IN_FRAMEWORK_HEADER = YES;
				CLANG_WARN_RANGE_LOOP_ANALYSIS = YES;
				CLANG_WARN_STRICT_PROTOTYPES = YES;
				CLANG_WARN_SUSPICIOUS_MOVE = YES;
				CLANG_WARN_UNGUARDED_AVAILABILITY = YES_AGGRESSIVE;
				CLANG_WARN_UNREACHABLE_CODE = YES;
				CLANG_WARN__DUPLICATE_METHOD_MATCH = YES;
				COPY_PHASE_STRIP = NO;
				DEBUG_INFORMATION_FORMAT = "dwarf-with-dsym";
				ENABLE_NS_ASSERTIONS = NO;
				ENABLE_STRICT_OBJC_MSGSEND = YES;
				ENABLE_USER_SCRIPT_SANDBOXING = YES;
				GCC_C_LANGUAGE_STANDARD = gnu17;
				GCC_NO_COMMON_BLOCKS = YES;
				GCC_WARN_64_TO_32_BIT_CONVERSION = YES;
				GCC_WARN_ABOUT_RETURN_TYPE = YES_ERROR;
				GCC_WARN_UNDECLARED_SELECTOR = YES;
				GCC_WARN_UNINITIALIZED_AUTOS = YES_AGGRESSIVE;
				GCC_WARN_UNUSED_FUNCTION = YES;
				GCC_WARN_UNUSED_VARIABLE = YES;
				IPHONEOS_DEPLOYMENT_TARGET = 17.2;
				LOCALIZATION_PREFERS_STRING_CATALOGS = YES;
				MTL_ENABLE_DEBUG_INFO = NO;
				MTL_FAST_MATH = YES;
				SDKROOT = iphoneos;
				SWIFT_COMPILATION_MODE = wholemodule;
				VALIDATE_PRODUCT = YES;
			};
			name = Release;
		};
		92BB15B42B8D8DC900DD6257 /* Debug */ = {
			isa = XCBuildConfiguration;
			buildSettings = {
				ASSETCATALOG_COMPILER_APPICON_NAME = AppIcon;
				ASSETCATALOG_COMPILER_GLOBAL_ACCENT_COLOR_NAME = AccentColor;
				CODE_SIGN_STYLE = Automatic;
				CURRENT_PROJECT_VERSION = 1;
				DEVELOPMENT_ASSET_PATHS = "\"Landmarks/Preview Content\"";
				ENABLE_PREVIEWS = YES;
				GENERATE_INFOPLIST_FILE = YES;
				INFOPLIST_KEY_UIApplicationSceneManifest_Generation = YES;
				INFOPLIST_KEY_UIApplicationSupportsIndirectInputEvents = YES;
				INFOPLIST_KEY_UILaunchScreen_Generation = YES;
				INFOPLIST_KEY_UISupportedInterfaceOrientations_iPad = "UIInterfaceOrientationPortrait UIInterfaceOrientationPortraitUpsideDown UIInterfaceOrientationLandscapeLeft UIInterfaceOrientationLandscapeRight";
				INFOPLIST_KEY_UISupportedInterfaceOrientations_iPhone = "UIInterfaceOrientationPortrait UIInterfaceOrientationLandscapeLeft UIInterfaceOrientationLandscapeRight";
				LD_RUNPATH_SEARCH_PATHS = (
					"$(inherited)",
					"@executable_path/Frameworks",
				);
				MARKETING_VERSION = 1.0;
				PRODUCT_BUNDLE_IDENTIFIER = "Eden-Prairie-Schools.Landmarks";
				PRODUCT_NAME = "$(TARGET_NAME)";
				SWIFT_EMIT_LOC_STRINGS = YES;
				SWIFT_VERSION = 5.0;
				TARGETED_DEVICE_FAMILY = "1,2";
			};
			name = Debug;
		};
		92BB15B52B8D8DC900DD6257 /* Release */ = {
			isa = XCBuildConfiguration;
			buildSettings = {
				ASSETCATALOG_COMPILER_APPICON_NAME = AppIcon;
				ASSETCATALOG_COMPILER_GLOBAL_ACCENT_COLOR_NAME = AccentColor;
				CODE_SIGN_STYLE = Automatic;
				CURRENT_PROJECT_VERSION = 1;
				DEVELOPMENT_ASSET_PATHS = "\"Landmarks/Preview Content\"";
				ENABLE_PREVIEWS = YES;
				GENERATE_INFOPLIST_FILE = YES;
				INFOPLIST_KEY_UIApplicationSceneManifest_Generation = YES;
				INFOPLIST_KEY_UIApplicationSupportsIndirectInputEvents = YES;
				INFOPLIST_KEY_UILaunchScreen_Generation = YES;
				INFOPLIST_KEY_UISupportedInterfaceOrientations_iPad = "UIInterfaceOrientationPortrait UIInterfaceOrientationPortraitUpsideDown UIInterfaceOrientationLandscapeLeft UIInterfaceOrientationLandscapeRight";
				INFOPLIST_KEY_UISupportedInterfaceOrientations_iPhone = "UIInterfaceOrientationPortrait UIInterfaceOrientationLandscapeLeft UIInterfaceOrientationLandscapeRight";
				LD_RUNPATH_SEARCH_PATHS = (
					"$(inherited)",
					"@executable_path/Frameworks",
				);
				MARKETING_VERSION = 1.0;
				PRODUCT_BUNDLE_IDENTIFIER = "Eden-Prairie-Schools.Landmarks";
				PRODUCT_NAME = "$(TARGET_NAME)";
				SWIFT_EMIT_LOC_STRINGS = YES;
				SWIFT_VERSION = 5.0;
				TARGETED_DEVICE_FAMILY = "1,2";
			};
			name = Release;
		};
/* End XCBuildConfiguration section */

/* Begin XCConfigurationList section */
		92BB15A02B8D8DC700DD6257 /* Build configuration list for PBXProject "Landmarks" */ = {
			isa = XCConfigurationList;
			buildConfigurations = (
				92BB15B12B8D8DC900DD6257 /* Debug */,
				92BB15B22B8D8DC900DD6257 /* Release */,
			);
			defaultConfigurationIsVisible = 0;
			defaultConfigurationName = Release;
		};
		92BB15B32B8D8DC900DD6257 /* Build configuration list for PBXNativeTarget "Landmarks" */ = {
			isa = XCConfigurationList;
			buildConfigurations = (
				92BB15B42B8D8DC900DD6257 /* Debug */,
				92BB15B52B8D8DC900DD6257 /* Release */,
			);
			defaultConfigurationIsVisible = 0;
			defaultConfigurationName = Release;
		};
/* End XCConfigurationList section */
	};
	rootObject = 92BB159D2B8D8DC700DD6257 /* Project object */;
}
